
Microsoft Visual Studio Solution File, Format Version 12.00
Project("{FAE04EC0-301F-11D3-BF4B-00C04F79EFBC}") = "JunkyardWebApp.API", "JunkyardWebApp.API\JunkyardWebApp.API.csproj", "{A7AC6390-7E59-4847-86C5-F6D66FD7E770}"
EndProject
Project("{FAE04EC0-301F-11D3-BF4B-00C04F79EFBC}") = "JunkyardWebApp.API.Tests", "JunkyardWebApp.API.Tests\JunkyardWebApp.API.Tests.csproj", "{75522924-422E-4CCD-B793-2346E334E3A3}"
EndProject
Global
	GlobalSection(SolutionConfigurationPlatforms) = preSolution
		Debug|Any CPU = Debug|Any CPU
		Release|Any CPU = Release|Any CPU
	EndGlobalSection
	GlobalSection(ProjectConfigurationPlatforms) = postSolution
		{A7AC6390-7E59-4847-86C5-F6D66FD7E770}.Debug|Any CPU.ActiveCfg = Debug|Any CPU
		{A7AC6390-7E59-4847-86C5-F6D66FD7E770}.Debug|Any CPU.Build.0 = Debug|Any CPU
		{A7AC6390-7E59-4847-86C5-F6D66FD7E770}.Release|Any CPU.ActiveCfg = Release|Any CPU
		{A7AC6390-7E59-4847-86C5-F6D66FD7E770}.Release|Any CPU.Build.0 = Release|Any CPU
		{75522924-422E-4CCD-B793-2346E334E3A3}.Debug|Any CPU.ActiveCfg = Debug|Any CPU
		{75522924-422E-4CCD-B793-2346E334E3A3}.Debug|Any CPU.Build.0 = Debug|Any CPU
		{75522924-422E-4CCD-B793-2346E334E3A3}.Release|Any CPU.ActiveCfg = Release|Any CPU
		{75522924-422E-4CCD-B793-2346E334E3A3}.Release|Any CPU.Build.0 = Release|Any CPU
	EndGlobalSection
EndGlobal
